
Microsoft Visual Studio Solution File, Format Version 12.00
# Visual Studio Version 16
VisualStudioVersion = 16.0.30204.135
MinimumVisualStudioVersion = 10.0.40219.1
Project("{9A19103F-16F7-4668-BE54-9A1E7A4F7556}") = "IndianCensusAnalyser", "IndianCensusAnalyser\IndianCensusAnalyser.csproj", "{06A0163C-D478-4EC3-AE4C-520FC071129F}"
EndProject
Project("{FAE04EC0-301F-11D3-BF4B-00C04F79EFBC}") = "CensusAnalyserTest", "CensusAnalyserTest\CensusAnalyserTest.csproj", "{ACB71847-3990-4CB9-8B02-FFFB52AAF7A2}"
EndProject
Global
	GlobalSection(SolutionConfigurationPlatforms) = preSolution
		Debug|Any CPU = Debug|Any CPU
		Release|Any CPU = Release|Any CPU
	EndGlobalSection
	GlobalSection(ProjectConfigurationPlatforms) = postSolution
		{06A0163C-D478-4EC3-AE4C-520FC071129F}.Debug|Any CPU.ActiveCfg = Debug|Any CPU
		{06A0163C-D478-4EC3-AE4C-520FC071129F}.Debug|Any CPU.Build.0 = Debug|Any CPU
		{06A0163C-D478-4EC3-AE4C-520FC071129F}.Release|Any CPU.ActiveCfg = Release|Any CPU
		{06A0163C-D478-4EC3-AE4C-520FC071129F}.Release|Any CPU.Build.0 = Release|Any CPU
		{ACB71847-3990-4CB9-8B02-FFFB52AAF7A2}.Debug|Any CPU.ActiveCfg = Debug|Any CPU
		{ACB71847-3990-4CB9-8B02-FFFB52AAF7A2}.Debug|Any CPU.Build.0 = Debug|Any CPU
		{ACB71847-3990-4CB9-8B02-FFFB52AAF7A2}.Release|Any CPU.ActiveCfg = Release|Any CPU
		{ACB71847-3990-4CB9-8B02-FFFB52AAF7A2}.Release|Any CPU.Build.0 = Release|Any CPU
	EndGlobalSection
	GlobalSection(SolutionProperties) = preSolution
		HideSolutionNode = FALSE
	EndGlobalSection
	GlobalSection(ExtensibilityGlobals) = postSolution
		SolutionGuid = {7AC14FC6-7A42-4FDC-9823-F371748D0A5F}
	EndGlobalSection
EndGlobal
